
Microsoft Visual Studio Solution File, Format Version 12.00
# Visual Studio 2012
Project("{FAE04EC0-301F-11D3-BF4B-00C04F79EFBC}") = "RequireJsMvc", "RequireJsMvc\RequireJsMvc.csproj", "{BA0F4A5E-D6DF-43F4-B145-B12594A53973}"
EndProject
Global
	GlobalSection(SolutionConfigurationPlatforms) = preSolution
		Debug|Any CPU = Debug|Any CPU
		Release|Any CPU = Release|Any CPU
	EndGlobalSection
	GlobalSection(ProjectConfigurationPlatforms) = postSolution
		{BA0F4A5E-D6DF-43F4-B145-B12594A53973}.Debug|Any CPU.ActiveCfg = Debug|Any CPU
		{BA0F4A5E-D6DF-43F4-B145-B12594A53973}.Debug|Any CPU.Build.0 = Debug|Any CPU
		{BA0F4A5E-D6DF-43F4-B145-B12594A53973}.Release|Any CPU.ActiveCfg = Release|Any CPU
		{BA0F4A5E-D6DF-43F4-B145-B12594A53973}.Release|Any CPU.Build.0 = Release|Any CPU
	EndGlobalSection
	GlobalSection(SolutionProperties) = preSolution
		HideSolutionNode = FALSE
	EndGlobalSection
EndGlobal
